
Microsoft Visual Studio Solution File, Format Version 12.00
# Visual Studio 2012
Project("{FAE04EC0-301F-11D3-BF4B-00C04F79EFBC}") = "Module02", "Module02\Module02.csproj", "{78E549B6-371E-4D6E-9C25-CEF60B12AE47}"
EndProject
Project("{FAE04EC0-301F-11D3-BF4B-00C04F79EFBC}") = "ReadFromCommandLine", "ReadFromCommandLine\ReadFromCommandLine.csproj", "{36C6EFCC-AD58-437B-AA80-C82EDEC5A1AB}"
EndProject
Project("{FAE04EC0-301F-11D3-BF4B-00C04F79EFBC}") = "TableProject", "TableProject\TableProject.csproj", "{A683B041-18ED-4914-AB08-0E2CA33DA5B3}"
EndProject
Global
	GlobalSection(SolutionConfigurationPlatforms) = preSolution
		Debug|x86 = Debug|x86
		Release|x86 = Release|x86
	EndGlobalSection
	GlobalSection(ProjectConfigurationPlatforms) = postSolution
		{36C6EFCC-AD58-437B-AA80-C82EDEC5A1AB}.Debug|x86.ActiveCfg = Debug|x86
		{36C6EFCC-AD58-437B-AA80-C82EDEC5A1AB}.Debug|x86.Build.0 = Debug|x86
		{36C6EFCC-AD58-437B-AA80-C82EDEC5A1AB}.Release|x86.ActiveCfg = Release|x86
		{36C6EFCC-AD58-437B-AA80-C82EDEC5A1AB}.Release|x86.Build.0 = Release|x86
		{78E549B6-371E-4D6E-9C25-CEF60B12AE47}.Debug|x86.ActiveCfg = Debug|x86
		{78E549B6-371E-4D6E-9C25-CEF60B12AE47}.Debug|x86.Build.0 = Debug|x86
		{78E549B6-371E-4D6E-9C25-CEF60B12AE47}.Release|x86.ActiveCfg = Release|x86
		{78E549B6-371E-4D6E-9C25-CEF60B12AE47}.Release|x86.Build.0 = Release|x86
		{A683B041-18ED-4914-AB08-0E2CA33DA5B3}.Debug|x86.ActiveCfg = Debug|x86
		{A683B041-18ED-4914-AB08-0E2CA33DA5B3}.Debug|x86.Build.0 = Debug|x86
		{A683B041-18ED-4914-AB08-0E2CA33DA5B3}.Release|x86.ActiveCfg = Release|x86
		{A683B041-18ED-4914-AB08-0E2CA33DA5B3}.Release|x86.Build.0 = Release|x86
	EndGlobalSection
EndGlobal
